
Microsoft Visual Studio Solution File, Format Version 12.00
# Visual Studio Version 17
VisualStudioVersion = 17.11.35303.130
MinimumVisualStudioVersion = 10.0.40219.1
Project("{FAE04EC0-301F-11D3-BF4B-00C04F79EFBC}") = "asgdotnet_lib", "asgdotnet_lib\asgdotnet_lib.csproj", "{D8C829CD-AFC4-4E84-8D2E-9A97C0881BD2}"
EndProject
Project("{FAE04EC0-301F-11D3-BF4B-00C04F79EFBC}") = "asgdotnet_service", "asgdotnet_service\asgdotnet_service.csproj", "{E5076D65-CE61-4072-BFA9-D4B681FA0550}"
EndProject
Project("{FAE04EC0-301F-11D3-BF4B-00C04F79EFBC}") = "asgdotnet_web", "asgdotnet_web\asgdotnet_web.csproj", "{F368C9F3-33FF-4C50-9E8A-57A95AF3A847}"
EndProject
Global
	GlobalSection(SolutionConfigurationPlatforms) = preSolution
		Debug|Any CPU = Debug|Any CPU
		Release|Any CPU = Release|Any CPU
	EndGlobalSection
	GlobalSection(ProjectConfigurationPlatforms) = postSolution
		{D8C829CD-AFC4-4E84-8D2E-9A97C0881BD2}.Debug|Any CPU.ActiveCfg = Debug|Any CPU
		{D8C829CD-AFC4-4E84-8D2E-9A97C0881BD2}.Debug|Any CPU.Build.0 = Debug|Any CPU
		{D8C829CD-AFC4-4E84-8D2E-9A97C0881BD2}.Release|Any CPU.ActiveCfg = Release|Any CPU
		{D8C829CD-AFC4-4E84-8D2E-9A97C0881BD2}.Release|Any CPU.Build.0 = Release|Any CPU
		{E5076D65-CE61-4072-BFA9-D4B681FA0550}.Debug|Any CPU.ActiveCfg = Debug|Any CPU
		{E5076D65-CE61-4072-BFA9-D4B681FA0550}.Debug|Any CPU.Build.0 = Debug|Any CPU
		{E5076D65-CE61-4072-BFA9-D4B681FA0550}.Release|Any CPU.ActiveCfg = Release|Any CPU
		{E5076D65-CE61-4072-BFA9-D4B681FA0550}.Release|Any CPU.Build.0 = Release|Any CPU
		{F368C9F3-33FF-4C50-9E8A-57A95AF3A847}.Debug|Any CPU.ActiveCfg = Debug|Any CPU
		{F368C9F3-33FF-4C50-9E8A-57A95AF3A847}.Debug|Any CPU.Build.0 = Debug|Any CPU
		{F368C9F3-33FF-4C50-9E8A-57A95AF3A847}.Release|Any CPU.ActiveCfg = Release|Any CPU
		{F368C9F3-33FF-4C50-9E8A-57A95AF3A847}.Release|Any CPU.Build.0 = Release|Any CPU
	EndGlobalSection
	GlobalSection(SolutionProperties) = preSolution
		HideSolutionNode = FALSE
	EndGlobalSection
	GlobalSection(ExtensibilityGlobals) = postSolution
		SolutionGuid = {66A82F29-D61F-4563-9B79-C44A45723D0C}
	EndGlobalSection
EndGlobal
